
Microsoft Visual Studio Solution File, Format Version 12.00
# Visual Studio 2013
VisualStudioVersion = 12.0.31101.0
MinimumVisualStudioVersion = 10.0.40219.1
Project("{888888A0-9F3D-457C-B088-3A5042F75D52}") = "SpaceMouse", "SpaceMouse\SpaceMouse.pyproj", "{93094EBA-47A1-438C-AB90-98F9F42585E0}"
EndProject
Project("{FAE04EC0-301F-11D3-BF4B-00C04F79EFBC}") = "TestFormApp", "TestFormApp\TestFormApp.csproj", "{60B19359-99FD-43E2-9C37-6C326E0A40F3}"
EndProject
Project("{8BC9CEB8-8B4A-11D0-8D11-00A0C91BC942}") = "SpaceMouseATL", "SpaceMouseATL\SpaceMouseATL.vcxproj", "{1363E905-3A5A-491E-8D16-BBAE4011D87F}"
EndProject
Project("{8BC9CEB8-8B4A-11D0-8D11-00A0C91BC942}") = "ConsoleATLTest", "ConsoleATLTest\ConsoleATLTest.vcxproj", "{3AA8FB88-FC5B-4E12-B456-0C1F54F99E49}"
EndProject
Project("{8BC9CEB8-8B4A-11D0-8D11-00A0C91BC942}") = "SpacePilotDaemon", "Win32Project1\Win32Project1.vcxproj", "{6E83C3EE-9451-4B10-A25C-BD5188AA6CF3}"
EndProject
Project("{8BC9CEB8-8B4A-11D0-8D11-00A0C91BC942}") = "ATLProject1", "ATLProject1\ATLProject1.vcxproj", "{A1917EBD-ACF3-4F1B-B498-E52E5879DB7A}"
EndProject
Project("{8BC9CEB8-8B4A-11D0-8D11-00A0C91BC942}") = "ATLProject1PS", "ATLProject1\ATLProject1PS.vcxproj", "{2B46AB64-8584-45AA-BF80-32EE2A0B254F}"
	ProjectSection(ProjectDependencies) = postProject
		{A1917EBD-ACF3-4F1B-B498-E52E5879DB7A} = {A1917EBD-ACF3-4F1B-B498-E52E5879DB7A}
	EndProjectSection
EndProject
Project("{8BC9CEB8-8B4A-11D0-8D11-00A0C91BC942}") = "vJoyClient", "vJoyFeederSDK\src\vJoyClient.vcxproj", "{A3C0D9FE-F4A3-45F9-874A-AC2E6806477C}"
EndProject
Global
	GlobalSection(SolutionConfigurationPlatforms) = preSolution
		Debug|Any CPU = Debug|Any CPU
		Debug|Mixed Platforms = Debug|Mixed Platforms
		Debug|Win32 = Debug|Win32
		Debug|x64 = Debug|x64
		Rel64|Any CPU = Rel64|Any CPU
		Rel64|Mixed Platforms = Rel64|Mixed Platforms
		Rel64|Win32 = Rel64|Win32
		Rel64|x64 = Rel64|x64
		Release|Any CPU = Release|Any CPU
		Release|Mixed Platforms = Release|Mixed Platforms
		Release|Win32 = Release|Win32
		Release|x64 = Release|x64
	EndGlobalSection
	GlobalSection(ProjectConfigurationPlatforms) = postSolution
		{93094EBA-47A1-438C-AB90-98F9F42585E0}.Debug|Any CPU.ActiveCfg = Debug|Any CPU
		{93094EBA-47A1-438C-AB90-98F9F42585E0}.Debug|Any CPU.Build.0 = Debug|Any CPU
		{93094EBA-47A1-438C-AB90-98F9F42585E0}.Debug|Mixed Platforms.ActiveCfg = Debug|Any CPU
		{93094EBA-47A1-438C-AB90-98F9F42585E0}.Debug|Mixed Platforms.Build.0 = Debug|Any CPU
		{93094EBA-47A1-438C-AB90-98F9F42585E0}.Debug|Win32.ActiveCfg = Debug|Any CPU
		{93094EBA-47A1-438C-AB90-98F9F42585E0}.Debug|x64.ActiveCfg = Debug|Any CPU
		{93094EBA-47A1-438C-AB90-98F9F42585E0}.Rel64|Any CPU.ActiveCfg = Release|Any CPU
		{93094EBA-47A1-438C-AB90-98F9F42585E0}.Rel64|Mixed Platforms.ActiveCfg = Release|Any CPU
		{93094EBA-47A1-438C-AB90-98F9F42585E0}.Rel64|Win32.ActiveCfg = Release|Any CPU
		{93094EBA-47A1-438C-AB90-98F9F42585E0}.Rel64|x64.ActiveCfg = Release|Any CPU
		{93094EBA-47A1-438C-AB90-98F9F42585E0}.Release|Any CPU.ActiveCfg = Release|Any CPU
		{93094EBA-47A1-438C-AB90-98F9F42585E0}.Release|Any CPU.Build.0 = Release|Any CPU
		{93094EBA-47A1-438C-AB90-98F9F42585E0}.Release|Mixed Platforms.ActiveCfg = Release|Any CPU
		{93094EBA-47A1-438C-AB90-98F9F42585E0}.Release|Mixed Platforms.Build.0 = Release|Any CPU
		{93094EBA-47A1-438C-AB90-98F9F42585E0}.Release|Win32.ActiveCfg = Release|Any CPU
		{93094EBA-47A1-438C-AB90-98F9F42585E0}.Release|x64.ActiveCfg = Release|Any CPU
		{60B19359-99FD-43E2-9C37-6C326E0A40F3}.Debug|Any CPU.ActiveCfg = Debug|Any CPU
		{60B19359-99FD-43E2-9C37-6C326E0A40F3}.Debug|Any CPU.Build.0 = Debug|Any CPU
		{60B19359-99FD-43E2-9C37-6C326E0A40F3}.Debug|Mixed Platforms.ActiveCfg = Debug|Any CPU
		{60B19359-99FD-43E2-9C37-6C326E0A40F3}.Debug|Mixed Platforms.Build.0 = Debug|Any CPU
		{60B19359-99FD-43E2-9C37-6C326E0A40F3}.Debug|Win32.ActiveCfg = Debug|Any CPU
		{60B19359-99FD-43E2-9C37-6C326E0A40F3}.Debug|x64.ActiveCfg = Debug|Any CPU
		{60B19359-99FD-43E2-9C37-6C326E0A40F3}.Rel64|Any CPU.ActiveCfg = Release|Any CPU
		{60B19359-99FD-43E2-9C37-6C326E0A40F3}.Rel64|Any CPU.Build.0 = Release|Any CPU
		{60B19359-99FD-43E2-9C37-6C326E0A40F3}.Rel64|Mixed Platforms.ActiveCfg = Release|Any CPU
		{60B19359-99FD-43E2-9C37-6C326E0A40F3}.Rel64|Mixed Platforms.Build.0 = Release|Any CPU
		{60B19359-99FD-43E2-9C37-6C326E0A40F3}.Rel64|Win32.ActiveCfg = Release|Any CPU
		{60B19359-99FD-43E2-9C37-6C326E0A40F3}.Rel64|x64.ActiveCfg = Release|Any CPU
		{60B19359-99FD-43E2-9C37-6C326E0A40F3}.Release|Any CPU.ActiveCfg = Release|Any CPU
		{60B19359-99FD-43E2-9C37-6C326E0A40F3}.Release|Any CPU.Build.0 = Release|Any CPU
		{60B19359-99FD-43E2-9C37-6C326E0A40F3}.Release|Mixed Platforms.ActiveCfg = Release|Any CPU
		{60B19359-99FD-43E2-9C37-6C326E0A40F3}.Release|Mixed Platforms.Build.0 = Release|Any CPU
		{60B19359-99FD-43E2-9C37-6C326E0A40F3}.Release|Win32.ActiveCfg = Release|Any CPU
		{60B19359-99FD-43E2-9C37-6C326E0A40F3}.Release|x64.ActiveCfg = Release|Any CPU
		{1363E905-3A5A-491E-8D16-BBAE4011D87F}.Debug|Any CPU.ActiveCfg = Debug|Win32
		{1363E905-3A5A-491E-8D16-BBAE4011D87F}.Debug|Mixed Platforms.ActiveCfg = Debug|Win32
		{1363E905-3A5A-491E-8D16-BBAE4011D87F}.Debug|Mixed Platforms.Build.0 = Debug|Win32
		{1363E905-3A5A-491E-8D16-BBAE4011D87F}.Debug|Win32.ActiveCfg = Debug|Win32
		{1363E905-3A5A-491E-8D16-BBAE4011D87F}.Debug|Win32.Build.0 = Debug|Win32
		{1363E905-3A5A-491E-8D16-BBAE4011D87F}.Debug|x64.ActiveCfg = Debug|Win32
		{1363E905-3A5A-491E-8D16-BBAE4011D87F}.Rel64|Any CPU.ActiveCfg = Release|Win32
		{1363E905-3A5A-491E-8D16-BBAE4011D87F}.Rel64|Mixed Platforms.ActiveCfg = Release|Win32
		{1363E905-3A5A-491E-8D16-BBAE4011D87F}.Rel64|Mixed Platforms.Build.0 = Release|Win32
		{1363E905-3A5A-491E-8D16-BBAE4011D87F}.Rel64|Win32.ActiveCfg = Release|Win32
		{1363E905-3A5A-491E-8D16-BBAE4011D87F}.Rel64|Win32.Build.0 = Release|Win32
		{1363E905-3A5A-491E-8D16-BBAE4011D87F}.Rel64|x64.ActiveCfg = Release|Win32
		{1363E905-3A5A-491E-8D16-BBAE4011D87F}.Release|Any CPU.ActiveCfg = Release|Win32
		{1363E905-3A5A-491E-8D16-BBAE4011D87F}.Release|Mixed Platforms.ActiveCfg = Release|Win32
		{1363E905-3A5A-491E-8D16-BBAE4011D87F}.Release|Mixed Platforms.Build.0 = Release|Win32
		{1363E905-3A5A-491E-8D16-BBAE4011D87F}.Release|Win32.ActiveCfg = Release|Win32
		{1363E905-3A5A-491E-8D16-BBAE4011D87F}.Release|Win32.Build.0 = Release|Win32
		{1363E905-3A5A-491E-8D16-BBAE4011D87F}.Release|x64.ActiveCfg = Release|Win32
		{3AA8FB88-FC5B-4E12-B456-0C1F54F99E49}.Debug|Any CPU.ActiveCfg = Debug|Win32
		{3AA8FB88-FC5B-4E12-B456-0C1F54F99E49}.Debug|Mixed Platforms.ActiveCfg = Debug|Win32
		{3AA8FB88-FC5B-4E12-B456-0C1F54F99E49}.Debug|Mixed Platforms.Build.0 = Debug|Win32
		{3AA8FB88-FC5B-4E12-B456-0C1F54F99E49}.Debug|Win32.ActiveCfg = Debug|Win32
		{3AA8FB88-FC5B-4E12-B456-0C1F54F99E49}.Debug|Win32.Build.0 = Debug|Win32
		{3AA8FB88-FC5B-4E12-B456-0C1F54F99E49}.Debug|x64.ActiveCfg = Debug|Win32
		{3AA8FB88-FC5B-4E12-B456-0C1F54F99E49}.Rel64|Any CPU.ActiveCfg = Release|Win32
		{3AA8FB88-FC5B-4E12-B456-0C1F54F99E49}.Rel64|Mixed Platforms.ActiveCfg = Release|Win32
		{3AA8FB88-FC5B-4E12-B456-0C1F54F99E49}.Rel64|Mixed Platforms.Build.0 = Release|Win32
		{3AA8FB88-FC5B-4E12-B456-0C1F54F99E49}.Rel64|Win32.ActiveCfg = Release|Win32
		{3AA8FB88-FC5B-4E12-B456-0C1F54F99E49}.Rel64|Win32.Build.0 = Release|Win32
		{3AA8FB88-FC5B-4E12-B456-0C1F54F99E49}.Rel64|x64.ActiveCfg = Release|Win32
		{3AA8FB88-FC5B-4E12-B456-0C1F54F99E49}.Release|Any CPU.ActiveCfg = Release|Win32
		{3AA8FB88-FC5B-4E12-B456-0C1F54F99E49}.Release|Mixed Platforms.ActiveCfg = Release|Win32
		{3AA8FB88-FC5B-4E12-B456-0C1F54F99E49}.Release|Mixed Platforms.Build.0 = Release|Win32
		{3AA8FB88-FC5B-4E12-B456-0C1F54F99E49}.Release|Win32.ActiveCfg = Release|Win32
		{3AA8FB88-FC5B-4E12-B456-0C1F54F99E49}.Release|Win32.Build.0 = Release|Win32
		{3AA8FB88-FC5B-4E12-B456-0C1F54F99E49}.Release|x64.ActiveCfg = Release|Win32
		{6E83C3EE-9451-4B10-A25C-BD5188AA6CF3}.Debug|Any CPU.ActiveCfg = Debug|Win32
		{6E83C3EE-9451-4B10-A25C-BD5188AA6CF3}.Debug|Mixed Platforms.ActiveCfg = Debug|Win32
		{6E83C3EE-9451-4B10-A25C-BD5188AA6CF3}.Debug|Mixed Platforms.Build.0 = Debug|Win32
		{6E83C3EE-9451-4B10-A25C-BD5188AA6CF3}.Debug|Win32.ActiveCfg = Debug|Win32
		{6E83C3EE-9451-4B10-A25C-BD5188AA6CF3}.Debug|Win32.Build.0 = Debug|Win32
		{6E83C3EE-9451-4B10-A25C-BD5188AA6CF3}.Debug|x64.ActiveCfg = Debug|Win32
		{6E83C3EE-9451-4B10-A25C-BD5188AA6CF3}.Rel64|Any CPU.ActiveCfg = Release|Win32
		{6E83C3EE-9451-4B10-A25C-BD5188AA6CF3}.Rel64|Mixed Platforms.ActiveCfg = Release|Win32
		{6E83C3EE-9451-4B10-A25C-BD5188AA6CF3}.Rel64|Mixed Platforms.Build.0 = Release|Win32
		{6E83C3EE-9451-4B10-A25C-BD5188AA6CF3}.Rel64|Win32.ActiveCfg = Release|Win32
		{6E83C3EE-9451-4B10-A25C-BD5188AA6CF3}.Rel64|Win32.Build.0 = Release|Win32
		{6E83C3EE-9451-4B10-A25C-BD5188AA6CF3}.Rel64|x64.ActiveCfg = Release|Win32
		{6E83C3EE-9451-4B10-A25C-BD5188AA6CF3}.Release|Any CPU.ActiveCfg = Release|Win32
		{6E83C3EE-9451-4B10-A25C-BD5188AA6CF3}.Release|Mixed Platforms.ActiveCfg = Release|Win32
		{6E83C3EE-9451-4B10-A25C-BD5188AA6CF3}.Release|Mixed Platforms.Build.0 = Release|Win32
		{6E83C3EE-9451-4B10-A25C-BD5188AA6CF3}.Release|Win32.ActiveCfg = Release|Win32
		{6E83C3EE-9451-4B10-A25C-BD5188AA6CF3}.Release|Win32.Build.0 = Release|Win32
		{6E83C3EE-9451-4B10-A25C-BD5188AA6CF3}.Release|x64.ActiveCfg = Release|Win32
		{A1917EBD-ACF3-4F1B-B498-E52E5879DB7A}.Debug|Any CPU.ActiveCfg = Debug|Win32
		{A1917EBD-ACF3-4F1B-B498-E52E5879DB7A}.Debug|Mixed Platforms.ActiveCfg = Debug|Win32
		{A1917EBD-ACF3-4F1B-B498-E52E5879DB7A}.Debug|Mixed Platforms.Build.0 = Debug|Win32
		{A1917EBD-ACF3-4F1B-B498-E52E5879DB7A}.Debug|Win32.ActiveCfg = Debug|Win32
		{A1917EBD-ACF3-4F1B-B498-E52E5879DB7A}.Debug|Win32.Build.0 = Debug|Win32
		{A1917EBD-ACF3-4F1B-B498-E52E5879DB7A}.Debug|x64.ActiveCfg = Debug|Win32
		{A1917EBD-ACF3-4F1B-B498-E52E5879DB7A}.Rel64|Any CPU.ActiveCfg = Release|Win32
		{A1917EBD-ACF3-4F1B-B498-E52E5879DB7A}.Rel64|Mixed Platforms.ActiveCfg = Release|Win32
		{A1917EBD-ACF3-4F1B-B498-E52E5879DB7A}.Rel64|Mixed Platforms.Build.0 = Release|Win32
		{A1917EBD-ACF3-4F1B-B498-E52E5879DB7A}.Rel64|Win32.ActiveCfg = Release|Win32
		{A1917EBD-ACF3-4F1B-B498-E52E5879DB7A}.Rel64|Win32.Build.0 = Release|Win32
		{A1917EBD-ACF3-4F1B-B498-E52E5879DB7A}.Rel64|x64.ActiveCfg = Release|Win32
		{A1917EBD-ACF3-4F1B-B498-E52E5879DB7A}.Release|Any CPU.ActiveCfg = Release|Win32
		{A1917EBD-ACF3-4F1B-B498-E52E5879DB7A}.Release|Mixed Platforms.ActiveCfg = Release|Win32
		{A1917EBD-ACF3-4F1B-B498-E52E5879DB7A}.Release|Mixed Platforms.Build.0 = Release|Win32
		{A1917EBD-ACF3-4F1B-B498-E52E5879DB7A}.Release|Win32.ActiveCfg = Release|Win32
		{A1917EBD-ACF3-4F1B-B498-E52E5879DB7A}.Release|Win32.Build.0 = Release|Win32
		{A1917EBD-ACF3-4F1B-B498-E52E5879DB7A}.Release|x64.ActiveCfg = Release|Win32
		{2B46AB64-8584-45AA-BF80-32EE2A0B254F}.Debug|Any CPU.ActiveCfg = Debug|Win32
		{2B46AB64-8584-45AA-BF80-32EE2A0B254F}.Debug|Mixed Platforms.ActiveCfg = Debug|Win32
		{2B46AB64-8584-45AA-BF80-32EE2A0B254F}.Debug|Win32.ActiveCfg = Debug|Win32
		{2B46AB64-8584-45AA-BF80-32EE2A0B254F}.Debug|x64.ActiveCfg = Debug|Win32
		{2B46AB64-8584-45AA-BF80-32EE2A0B254F}.Rel64|Any CPU.ActiveCfg = Release|Win32
		{2B46AB64-8584-45AA-BF80-32EE2A0B254F}.Rel64|Mixed Platforms.ActiveCfg = Release|Win32
		{2B46AB64-8584-45AA-BF80-32EE2A0B254F}.Rel64|Mixed Platforms.Build.0 = Release|Win32
		{2B46AB64-8584-45AA-BF80-32EE2A0B254F}.Rel64|Win32.ActiveCfg = Release|Win32
		{2B46AB64-8584-45AA-BF80-32EE2A0B254F}.Rel64|Win32.Build.0 = Release|Win32
		{2B46AB64-8584-45AA-BF80-32EE2A0B254F}.Rel64|x64.ActiveCfg = Release|Win32
		{2B46AB64-8584-45AA-BF80-32EE2A0B254F}.Release|Any CPU.ActiveCfg = Release|Win32
		{2B46AB64-8584-45AA-BF80-32EE2A0B254F}.Release|Mixed Platforms.ActiveCfg = Release|Win32
		{2B46AB64-8584-45AA-BF80-32EE2A0B254F}.Release|Win32.ActiveCfg = Release|Win32
		{2B46AB64-8584-45AA-BF80-32EE2A0B254F}.Release|x64.ActiveCfg = Release|Win32
		{A3C0D9FE-F4A3-45F9-874A-AC2E6806477C}.Debug|Any CPU.ActiveCfg = Debug|Win32
		{A3C0D9FE-F4A3-45F9-874A-AC2E6806477C}.Debug|Mixed Platforms.ActiveCfg = Debug|Win32
		{A3C0D9FE-F4A3-45F9-874A-AC2E6806477C}.Debug|Mixed Platforms.Build.0 = Debug|Win32
		{A3C0D9FE-F4A3-45F9-874A-AC2E6806477C}.Debug|Win32.ActiveCfg = Debug|Win32
		{A3C0D9FE-F4A3-45F9-874A-AC2E6806477C}.Debug|Win32.Build.0 = Debug|Win32
		{A3C0D9FE-F4A3-45F9-874A-AC2E6806477C}.Debug|x64.ActiveCfg = Debug|x64
		{A3C0D9FE-F4A3-45F9-874A-AC2E6806477C}.Debug|x64.Build.0 = Debug|x64
		{A3C0D9FE-F4A3-45F9-874A-AC2E6806477C}.Rel64|Any CPU.ActiveCfg = Rel64|Win32
		{A3C0D9FE-F4A3-45F9-874A-AC2E6806477C}.Rel64|Mixed Platforms.ActiveCfg = Rel64|Win32
		{A3C0D9FE-F4A3-45F9-874A-AC2E6806477C}.Rel64|Mixed Platforms.Build.0 = Rel64|Win32
		{A3C0D9FE-F4A3-45F9-874A-AC2E6806477C}.Rel64|Win32.ActiveCfg = Rel64|Win32
		{A3C0D9FE-F4A3-45F9-874A-AC2E6806477C}.Rel64|Win32.Build.0 = Rel64|Win32
		{A3C0D9FE-F4A3-45F9-874A-AC2E6806477C}.Rel64|x64.ActiveCfg = Rel64|x64
		{A3C0D9FE-F4A3-45F9-874A-AC2E6806477C}.Rel64|x64.Build.0 = Rel64|x64
		{A3C0D9FE-F4A3-45F9-874A-AC2E6806477C}.Release|Any CPU.ActiveCfg = Release|Win32
		{A3C0D9FE-F4A3-45F9-874A-AC2E6806477C}.Release|Mixed Platforms.ActiveCfg = Release|Win32
		{A3C0D9FE-F4A3-45F9-874A-AC2E6806477C}.Release|Mixed Platforms.Build.0 = Release|Win32
		{A3C0D9FE-F4A3-45F9-874A-AC2E6806477C}.Release|Win32.ActiveCfg = Release|Win32
		{A3C0D9FE-F4A3-45F9-874A-AC2E6806477C}.Release|Win32.Build.0 = Release|Win32
		{A3C0D9FE-F4A3-45F9-874A-AC2E6806477C}.Release|x64.ActiveCfg = Release|x64
		{A3C0D9FE-F4A3-45F9-874A-AC2E6806477C}.Release|x64.Build.0 = Release|x64
	EndGlobalSection
	GlobalSection(SolutionProperties) = preSolution
		HideSolutionNode = FALSE
	EndGlobalSection
EndGlobal
